{
  "version": "3",
  "packages": {
    "specifiers": {
      "npm:hono@^4.5.0": "npm:hono@4.5.3",
      "npm:hono@^4.5.3": "npm:hono@4.5.3",
      "npm:parse-torrent@^11.0.17": "npm:parse-torrent@11.0.17",
      "npm:vscode-material-icons@^0.1.1": "npm:vscode-material-icons@0.1.1"
    },
    "npm": {
      "@thaunknown/thirty-two@1.0.5": {
        "integrity": "sha512-Q53KyCXweV1CS62EfqtPDqfpksn5keQ59PGqzzkK+g8Vif1jB4inoBCcs/BUSdsqddhE3G+2Fn+4RX3S6RqT0A==",
        "dependencies": {
          "uint8-util": "uint8-util@2.2.5"
        }
      },
      "abort-controller@3.0.0": {
        "integrity": "sha512-h8lQ8tacZYnR3vNQTgibj+tODHI5/+l06Au2Pcriv/Gmet0eaj4TwWH41sO9wnHDiQsEj19q0drzdWdeAHtweg==",
        "dependencies": {
          "event-target-shim": "event-target-shim@5.0.1"
        }
      },
      "base64-arraybuffer@1.0.2": {
        "integrity": "sha512-I3yl4r9QB5ZRY3XuJVEPfc2XhZO6YweFPI+UovAzn+8/hb3oJ6lnysaFcjVpkCPfVWFUDvoZ8kmVDP7WyRtYtQ==",
        "dependencies": {}
      },
      "bencode@4.0.0": {
        "integrity": "sha512-AERXw18df0pF3ziGOCyUjqKZBVNH8HV3lBxnx5w0qtgMIk4a1wb9BkcCQbkp9Zstfrn/dzRwl7MmUHHocX3sRQ==",
        "dependencies": {
          "uint8-util": "uint8-util@2.2.5"
        }
      },
      "bep53-range@2.0.0": {
        "integrity": "sha512-sMm2sV5PRs0YOVk0LTKtjuIprVzxgTQUsrGX/7Yph2Rm4FO2Fqqtq7hNjsOB5xezM4v4+5rljCgK++UeQJZguA==",
        "dependencies": {}
      },
      "cross-fetch-ponyfill@1.0.3": {
        "integrity": "sha512-uOBkDhUAGAbx/FEzNKkOfx3w57H8xReBBXoZvUnOKTI0FW0Xvrj3GrYv2iZXUqlffC1LMGfQzhmBM/ke+6eTDA==",
        "dependencies": {
          "abort-controller": "abort-controller@3.0.0",
          "node-fetch": "node-fetch@3.3.2"
        }
      },
      "data-uri-to-buffer@4.0.1": {
        "integrity": "sha512-0R9ikRb668HB7QDxT1vkpuUBtqc53YyAwMwGeUFKRojY/NWKvdZ+9UYtRfGmhqNbRkTSVpMbmyhXipFFv2cb/A==",
        "dependencies": {}
      },
      "event-target-shim@5.0.1": {
        "integrity": "sha512-i/2XbnSz/uxRCU6+NdVJgKWDTM427+MqYbkQzD321DuCQJUqOuJKIA0IM2+W2xtYHdKOmZ4dR6fExsd4SXL+WQ==",
        "dependencies": {}
      },
      "fetch-blob@3.2.0": {
        "integrity": "sha512-7yAQpD2UMJzLi1Dqv7qFYnPbaPx7ZfFK6PiIxQ4PfkGPyNyl2Ugx+a/umUonmKqjhM4DnfbMvdX6otXq83soQQ==",
        "dependencies": {
          "node-domexception": "node-domexception@1.0.0",
          "web-streams-polyfill": "web-streams-polyfill@3.3.3"
        }
      },
      "formdata-polyfill@4.0.10": {
        "integrity": "sha512-buewHzMvYL29jdeQTVILecSaZKnt/RJWjoZCF5OW60Z67/GmSLBkOFM7qh1PI3zFNtJbaZL5eQu1vLfazOwj4g==",
        "dependencies": {
          "fetch-blob": "fetch-blob@3.2.0"
        }
      },
      "get-stdin@9.0.0": {
        "integrity": "sha512-dVKBjfWisLAicarI2Sf+JuBE/DghV4UzNAVe9yhEJuzeREd3JhOTE9cUaJTeSa77fsbQUK3pcOpJfM59+VKZaA==",
        "dependencies": {}
      },
      "hono@4.5.3": {
        "integrity": "sha512-r26WwwbKD3BAYdfB294knNnegNda7VfV1tVn66D9Kvl9WQTdrR+5eKdoeaQNHQcC3Gr0KBikzAtjd6VsRGVSaw==",
        "dependencies": {}
      },
      "magnet-uri@7.0.5": {
        "integrity": "sha512-Ke+dDiYHK1Rq/ZyGUAgk7NIkoypivxolTj/A0qr60ypP0FjeP+NTUNEhr965HsRan0zGxKEBK73+SsjRyJWkXg==",
        "dependencies": {
          "@thaunknown/thirty-two": "@thaunknown/thirty-two@1.0.5",
          "bep53-range": "bep53-range@2.0.0",
          "uint8-util": "uint8-util@2.2.5"
        }
      },
      "node-domexception@1.0.0": {
        "integrity": "sha512-/jKZoMpw0F8GRwl4/eLROPA3cfcXtLApP0QzLmUT/HuPCZWyB7IY9ZrMeKw2O/nFIqPQB3PVM9aYm0F312AXDQ==",
        "dependencies": {}
      },
      "node-fetch@3.3.2": {
        "integrity": "sha512-dRB78srN/l6gqWulah9SrxeYnxeddIG30+GOqK/9OlLVyLg3HPnr6SqOWTWOXKRwC2eGYCkZ59NNuSgvSrpgOA==",
        "dependencies": {
          "data-uri-to-buffer": "data-uri-to-buffer@4.0.1",
          "fetch-blob": "fetch-blob@3.2.0",
          "formdata-polyfill": "formdata-polyfill@4.0.10"
        }
      },
      "parse-torrent@11.0.17": {
        "integrity": "sha512-bkfEtrqIMT4+bSWs+m7+Ktd7LSJsDefA9qfJQ3UFwOeBqipiQ+347guu79zX++nRwMnrdvRecLmgaRcdiYjE4w==",
        "dependencies": {
          "bencode": "bencode@4.0.0",
          "cross-fetch-ponyfill": "cross-fetch-ponyfill@1.0.3",
          "get-stdin": "get-stdin@9.0.0",
          "magnet-uri": "magnet-uri@7.0.5",
          "queue-microtask": "queue-microtask@1.2.3",
          "uint8-util": "uint8-util@2.2.5"
        }
      },
      "queue-microtask@1.2.3": {
        "integrity": "sha512-NuaNSa6flKT5JaSYQzJok04JzTL1CA6aGhv5rfLW3PgqA+M2ChpZQnAC8h8i4ZFkBS8X5RqkDBHA7r4hej3K9A==",
        "dependencies": {}
      },
      "uint8-util@2.2.5": {
        "integrity": "sha512-/QxVQD7CttWpVUKVPz9znO+3Dd4BdTSnFQ7pv/4drVhC9m4BaL2LFHTkJn6EsYoxT79VDq/2Gg8L0H22PrzyMw==",
        "dependencies": {
          "base64-arraybuffer": "base64-arraybuffer@1.0.2"
        }
      },
      "vscode-material-icons@0.1.1": {
        "integrity": "sha512-GsoEEF8Tbb0yUFQ6N6FPvh11kFkL9F95x0FkKlbbfRQN9eFms67h+L3t6b9cUv58dSn2gu8kEhNfoESVCrz4ag==",
        "dependencies": {}
      },
      "web-streams-polyfill@3.3.3": {
        "integrity": "sha512-d2JWLCivmZYTSIoge9MsgFCZrt571BikcWGYkjC1khllbTeDlGqZ2D8vD8E/lJa8WGWbb7Plm8/XJYV7IJHZZw==",
        "dependencies": {}
      }
    }
  },
  "remote": {
    "https://deno.land/std@0.126.0/fmt/bytes.ts": "fa67870bba35f73e1e564e27377c342763770cf1d0fb4e0e29ba9c730a8db6cf"
  },
  "workspace": {
    "dependencies": [
      "npm:hono@^4.5.3",
      "npm:parse-torrent@^11.0.17",
      "npm:vscode-material-icons@^0.1.1"
    ],
    "packageJson": {
      "dependencies": [
        "npm:hono@^4.5.0",
        "npm:parse-torrent@^11.0.17"
      ]
    }
  }
}
