{
  "name": "webtor",
  "version": "1.0.0",
  "lockfileVersion": 3,
  "requires": true,
  "packages": {
    "": {
      "name": "webtor",
      "version": "1.0.0",
      "license": "ISC",
      "dependencies": {
        "hono": "^4.5.3",
        "parse-torrent": "^11.0.17",
        "vscode-material-icons": "^0.1.1"
      }
    },
    "node_modules/@thaunknown/thirty-two": {
      "version": "1.0.5",
      "resolved": "https://registry.npmjs.org/@thaunknown/thirty-two/-/thirty-two-1.0.5.tgz",
      "integrity": "sha512-Q53KyCXweV1CS62EfqtPDqfpksn5keQ59PGqzzkK+g8Vif1jB4inoBCcs/BUSdsqddhE3G+2Fn+4RX3S6RqT0A==",
      "dependencies": {
        "uint8-util": "^2.2.5"
      },
      "engines": {
        "node": ">=0.2.6"
      }
    },
    "node_modules/abort-controller": {
      "version": "3.0.0",
      "resolved": "https://registry.npmjs.org/abort-controller/-/abort-controller-3.0.0.tgz",
      "integrity": "sha512-h8lQ8tacZYnR3vNQTgibj+tODHI5/+l06Au2Pcriv/Gmet0eaj4TwWH41sO9wnHDiQsEj19q0drzdWdeAHtweg==",
      "dependencies": {
        "event-target-shim": "^5.0.0"
      },
      "engines": {
        "node": ">=6.5"
      }
    },
    "node_modules/base64-arraybuffer": {
      "version": "1.0.2",
      "resolved": "https://registry.npmjs.org/base64-arraybuffer/-/base64-arraybuffer-1.0.2.tgz",
      "integrity": "sha512-I3yl4r9QB5ZRY3XuJVEPfc2XhZO6YweFPI+UovAzn+8/hb3oJ6lnysaFcjVpkCPfVWFUDvoZ8kmVDP7WyRtYtQ==",
      "engines": {
        "node": ">= 0.6.0"
      }
    },
    "node_modules/bencode": {
      "version": "4.0.0",
      "resolved": "https://registry.npmjs.org/bencode/-/bencode-4.0.0.tgz",
      "integrity": "sha512-AERXw18df0pF3ziGOCyUjqKZBVNH8HV3lBxnx5w0qtgMIk4a1wb9BkcCQbkp9Zstfrn/dzRwl7MmUHHocX3sRQ==",
      "dependencies": {
        "uint8-util": "^2.2.2"
      },
      "engines": {
        "node": ">=12.20.0"
      }
    },
    "node_modules/bep53-range": {
      "version": "2.0.0",
      "resolved": "https://registry.npmjs.org/bep53-range/-/bep53-range-2.0.0.tgz",
      "integrity": "sha512-sMm2sV5PRs0YOVk0LTKtjuIprVzxgTQUsrGX/7Yph2Rm4FO2Fqqtq7hNjsOB5xezM4v4+5rljCgK++UeQJZguA==",
      "engines": {
        "node": ">=12.20.0"
      }
    },
    "node_modules/cross-fetch-ponyfill": {
      "version": "1.0.3",
      "resolved": "https://registry.npmjs.org/cross-fetch-ponyfill/-/cross-fetch-ponyfill-1.0.3.tgz",
      "integrity": "sha512-uOBkDhUAGAbx/FEzNKkOfx3w57H8xReBBXoZvUnOKTI0FW0Xvrj3GrYv2iZXUqlffC1LMGfQzhmBM/ke+6eTDA==",
      "dependencies": {
        "abort-controller": "^3.0.0",
        "node-fetch": "^3.3.0"
      }
    },
    "node_modules/data-uri-to-buffer": {
      "version": "4.0.1",
      "resolved": "https://registry.npmjs.org/data-uri-to-buffer/-/data-uri-to-buffer-4.0.1.tgz",
      "integrity": "sha512-0R9ikRb668HB7QDxT1vkpuUBtqc53YyAwMwGeUFKRojY/NWKvdZ+9UYtRfGmhqNbRkTSVpMbmyhXipFFv2cb/A==",
      "engines": {
        "node": ">= 12"
      }
    },
    "node_modules/event-target-shim": {
      "version": "5.0.1",
      "resolved": "https://registry.npmjs.org/event-target-shim/-/event-target-shim-5.0.1.tgz",
      "integrity": "sha512-i/2XbnSz/uxRCU6+NdVJgKWDTM427+MqYbkQzD321DuCQJUqOuJKIA0IM2+W2xtYHdKOmZ4dR6fExsd4SXL+WQ==",
      "engines": {
        "node": ">=6"
      }
    },
    "node_modules/fetch-blob": {
      "version": "3.2.0",
      "resolved": "https://registry.npmjs.org/fetch-blob/-/fetch-blob-3.2.0.tgz",
      "integrity": "sha512-7yAQpD2UMJzLi1Dqv7qFYnPbaPx7ZfFK6PiIxQ4PfkGPyNyl2Ugx+a/umUonmKqjhM4DnfbMvdX6otXq83soQQ==",
      "funding": [
        {
          "type": "github",
          "url": "https://github.com/sponsors/jimmywarting"
        },
        {
          "type": "paypal",
          "url": "https://paypal.me/jimmywarting"
        }
      ],
      "dependencies": {
        "node-domexception": "^1.0.0",
        "web-streams-polyfill": "^3.0.3"
      },
      "engines": {
        "node": "^12.20 || >= 14.13"
      }
    },
    "node_modules/formdata-polyfill": {
      "version": "4.0.10",
      "resolved": "https://registry.npmjs.org/formdata-polyfill/-/formdata-polyfill-4.0.10.tgz",
      "integrity": "sha512-buewHzMvYL29jdeQTVILecSaZKnt/RJWjoZCF5OW60Z67/GmSLBkOFM7qh1PI3zFNtJbaZL5eQu1vLfazOwj4g==",
      "dependencies": {
        "fetch-blob": "^3.1.2"
      },
      "engines": {
        "node": ">=12.20.0"
      }
    },
    "node_modules/get-stdin": {
      "version": "9.0.0",
      "resolved": "https://registry.npmjs.org/get-stdin/-/get-stdin-9.0.0.tgz",
      "integrity": "sha512-dVKBjfWisLAicarI2Sf+JuBE/DghV4UzNAVe9yhEJuzeREd3JhOTE9cUaJTeSa77fsbQUK3pcOpJfM59+VKZaA==",
      "engines": {
        "node": ">=12"
      },
      "funding": {
        "url": "https://github.com/sponsors/sindresorhus"
      }
    },
    "node_modules/hono": {
      "version": "4.5.5",
      "resolved": "https://registry.npmjs.org/hono/-/hono-4.5.5.tgz",
      "integrity": "sha512-fXBXHqaVfimWofbelLXci8pZyIwBMkDIwCa4OwZvK+xVbEyYLELVP4DfbGaj1aEM6ZY3hHgs4qLvCO2ChkhgQw==",
      "engines": {
        "node": ">=16.0.0"
      }
    },
    "node_modules/magnet-uri": {
      "version": "7.0.5",
      "resolved": "https://registry.npmjs.org/magnet-uri/-/magnet-uri-7.0.5.tgz",
      "integrity": "sha512-Ke+dDiYHK1Rq/ZyGUAgk7NIkoypivxolTj/A0qr60ypP0FjeP+NTUNEhr965HsRan0zGxKEBK73+SsjRyJWkXg==",
      "funding": [
        {
          "type": "github",
          "url": "https://github.com/sponsors/feross"
        },
        {
          "type": "patreon",
          "url": "https://www.patreon.com/feross"
        },
        {
          "type": "consulting",
          "url": "https://feross.org/support"
        }
      ],
      "dependencies": {
        "@thaunknown/thirty-two": "^1.0.3",
        "bep53-range": "^2.0.0",
        "uint8-util": "^2.1.9"
      },
      "engines": {
        "node": ">=12.20.0"
      }
    },
    "node_modules/node-domexception": {
      "version": "1.0.0",
      "resolved": "https://registry.npmjs.org/node-domexception/-/node-domexception-1.0.0.tgz",
      "integrity": "sha512-/jKZoMpw0F8GRwl4/eLROPA3cfcXtLApP0QzLmUT/HuPCZWyB7IY9ZrMeKw2O/nFIqPQB3PVM9aYm0F312AXDQ==",
      "funding": [
        {
          "type": "github",
          "url": "https://github.com/sponsors/jimmywarting"
        },
        {
          "type": "github",
          "url": "https://paypal.me/jimmywarting"
        }
      ],
      "engines": {
        "node": ">=10.5.0"
      }
    },
    "node_modules/node-fetch": {
      "version": "3.3.2",
      "resolved": "https://registry.npmjs.org/node-fetch/-/node-fetch-3.3.2.tgz",
      "integrity": "sha512-dRB78srN/l6gqWulah9SrxeYnxeddIG30+GOqK/9OlLVyLg3HPnr6SqOWTWOXKRwC2eGYCkZ59NNuSgvSrpgOA==",
      "dependencies": {
        "data-uri-to-buffer": "^4.0.0",
        "fetch-blob": "^3.1.4",
        "formdata-polyfill": "^4.0.10"
      },
      "engines": {
        "node": "^12.20.0 || ^14.13.1 || >=16.0.0"
      },
      "funding": {
        "type": "opencollective",
        "url": "https://opencollective.com/node-fetch"
      }
    },
    "node_modules/parse-torrent": {
      "version": "11.0.17",
      "resolved": "https://registry.npmjs.org/parse-torrent/-/parse-torrent-11.0.17.tgz",
      "integrity": "sha512-bkfEtrqIMT4+bSWs+m7+Ktd7LSJsDefA9qfJQ3UFwOeBqipiQ+347guu79zX++nRwMnrdvRecLmgaRcdiYjE4w==",
      "funding": [
        {
          "type": "github",
          "url": "https://github.com/sponsors/feross"
        },
        {
          "type": "patreon",
          "url": "https://www.patreon.com/feross"
        },
        {
          "type": "consulting",
          "url": "https://feross.org/support"
        }
      ],
      "dependencies": {
        "bencode": "^4.0.0",
        "cross-fetch-ponyfill": "^1.0.3",
        "get-stdin": "^9.0.0",
        "magnet-uri": "^7.0.5",
        "queue-microtask": "^1.2.3",
        "uint8-util": "^2.2.5"
      },
      "bin": {
        "parse-torrent": "bin/cmd.js"
      },
      "engines": {
        "node": ">=12.20.0"
      }
    },
    "node_modules/queue-microtask": {
      "version": "1.2.3",
      "resolved": "https://registry.npmjs.org/queue-microtask/-/queue-microtask-1.2.3.tgz",
      "integrity": "sha512-NuaNSa6flKT5JaSYQzJok04JzTL1CA6aGhv5rfLW3PgqA+M2ChpZQnAC8h8i4ZFkBS8X5RqkDBHA7r4hej3K9A==",
      "funding": [
        {
          "type": "github",
          "url": "https://github.com/sponsors/feross"
        },
        {
          "type": "patreon",
          "url": "https://www.patreon.com/feross"
        },
        {
          "type": "consulting",
          "url": "https://feross.org/support"
        }
      ]
    },
    "node_modules/uint8-util": {
      "version": "2.2.5",
      "resolved": "https://registry.npmjs.org/uint8-util/-/uint8-util-2.2.5.tgz",
      "integrity": "sha512-/QxVQD7CttWpVUKVPz9znO+3Dd4BdTSnFQ7pv/4drVhC9m4BaL2LFHTkJn6EsYoxT79VDq/2Gg8L0H22PrzyMw==",
      "dependencies": {
        "base64-arraybuffer": "^1.0.2"
      }
    },
    "node_modules/vscode-material-icons": {
      "version": "0.1.1",
      "resolved": "https://registry.npmjs.org/vscode-material-icons/-/vscode-material-icons-0.1.1.tgz",
      "integrity": "sha512-GsoEEF8Tbb0yUFQ6N6FPvh11kFkL9F95x0FkKlbbfRQN9eFms67h+L3t6b9cUv58dSn2gu8kEhNfoESVCrz4ag=="
    },
    "node_modules/web-streams-polyfill": {
      "version": "3.3.3",
      "resolved": "https://registry.npmjs.org/web-streams-polyfill/-/web-streams-polyfill-3.3.3.tgz",
      "integrity": "sha512-d2JWLCivmZYTSIoge9MsgFCZrt571BikcWGYkjC1khllbTeDlGqZ2D8vD8E/lJa8WGWbb7Plm8/XJYV7IJHZZw==",
      "engines": {
        "node": ">= 8"
      }
    }
  }
}
